PODS:
  - mokoMvvmFlowSwiftUI (0.16.1)
  - shared (1.0)

DEPENDENCIES:
  - mokoMvvmFlowSwiftUI (from `https://raw.githubusercontent.com/icerockdev/moko-mvvm/release/0.16.1/mokoMvvmFlowSwiftUI.podspec`)
  - shared (from `../shared`)

EXTERNAL SOURCES:
  mokoMvvmFlowSwiftUI:
    :podspec: https://raw.githubusercontent.com/icerockdev/moko-mvvm/release/0.16.1/mokoMvvmFlowSwiftUI.podspec
  shared:
    :path: "../shared"

SPEC CHECKSUMS:
  mokoMvvmFlowSwiftUI: e2ecbc38ea996fc376bf297041aeaad06ac44c89
  shared: d22e29033a2b5a0efa52d701bcf02fc8d9e96808

PODFILE CHECKSUM: 3c1a400fad58340bb147687ea2e0041dbf5569b2

COCOAPODS: 1.12.1
